
Microsoft Visual Studio Solution File, Format Version 12.00
# Visual Studio Version 16
VisualStudioVersion = 16.0.30406.217
MinimumVisualStudioVersion = 10.0.40219.1
Project("{9A19103F-16F7-4668-BE54-9A1E7A4F7556}") = "SymuCommon", "SymuCommon\SymuCommon.csproj", "{C6580762-22DA-4A70-862A-A0779A61F7B8}"
EndProject
Project("{9A19103F-16F7-4668-BE54-9A1E7A4F7556}") = "SymuCommonTests", "SymuCommonTests\SymuCommonTests.csproj", "{AD9B8345-B4C1-4A3E-8E54-368BDF0790C4}"
EndProject
Project("{2150E333-8FDC-42A3-9474-1A3956D46DE8}") = "Docs", "Docs", "{8EBE8184-09AE-485C-9261-812FBF0CE470}"
	ProjectSection(SolutionItems) = preProject
		..\CHANGELOG.md = ..\CHANGELOG.md
		..\CODE_OF_CONDUCT.md = ..\CODE_OF_CONDUCT.md
		..\CONTRIBUTING.md = ..\CONTRIBUTING.md
		..\CONTRIBUTORS.md = ..\CONTRIBUTORS.md
		..\FAQ.md = ..\FAQ.md
		..\LICENSE = ..\LICENSE
		..\README.md = ..\README.md
		..\RELEASENOTES.md = ..\RELEASENOTES.md
		..\ROADMAP.md = ..\ROADMAP.md
	EndProjectSection
EndProject
Project("{9A19103F-16F7-4668-BE54-9A1E7A4F7556}") = "SymuCommonCore", "SymuCommonCore\SymuCommonCore.csproj", "{12BF2ED6-10F0-48B4-8E57-05F1C7EA94B5}"
EndProject
Global
	GlobalSection(SolutionConfigurationPlatforms) = preSolution
		Debug|Any CPU = Debug|Any CPU
		Release|Any CPU = Release|Any CPU
	EndGlobalSection
	GlobalSection(ProjectConfigurationPlatforms) = postSolution
		{C6580762-22DA-4A70-862A-A0779A61F7B8}.Debug|Any CPU.ActiveCfg = Debug|Any CPU
		{C6580762-22DA-4A70-862A-A0779A61F7B8}.Debug|Any CPU.Build.0 = Debug|Any CPU
		{C6580762-22DA-4A70-862A-A0779A61F7B8}.Release|Any CPU.ActiveCfg = Release|Any CPU
		{C6580762-22DA-4A70-862A-A0779A61F7B8}.Release|Any CPU.Build.0 = Release|Any CPU
		{AD9B8345-B4C1-4A3E-8E54-368BDF0790C4}.Debug|Any CPU.ActiveCfg = Debug|Any CPU
		{AD9B8345-B4C1-4A3E-8E54-368BDF0790C4}.Debug|Any CPU.Build.0 = Debug|Any CPU
		{AD9B8345-B4C1-4A3E-8E54-368BDF0790C4}.Release|Any CPU.ActiveCfg = Release|Any CPU
		{AD9B8345-B4C1-4A3E-8E54-368BDF0790C4}.Release|Any CPU.Build.0 = Release|Any CPU
		{12BF2ED6-10F0-48B4-8E57-05F1C7EA94B5}.Debug|Any CPU.ActiveCfg = Debug|Any CPU
		{12BF2ED6-10F0-48B4-8E57-05F1C7EA94B5}.Debug|Any CPU.Build.0 = Debug|Any CPU
		{12BF2ED6-10F0-48B4-8E57-05F1C7EA94B5}.Release|Any CPU.ActiveCfg = Release|Any CPU
		{12BF2ED6-10F0-48B4-8E57-05F1C7EA94B5}.Release|Any CPU.Build.0 = Release|Any CPU
	EndGlobalSection
	GlobalSection(SolutionProperties) = preSolution
		HideSolutionNode = FALSE
	EndGlobalSection
	GlobalSection(ExtensibilityGlobals) = postSolution
		SolutionGuid = {C514B3C8-3DBC-4C09-914F-905E37B12550}
	EndGlobalSection
EndGlobal
